// !$*UTF8*$!
{
	archiveVersion = 1;
	classes = {
	};
	objectVersion = 77;
	objects = {

/* Begin PBXContainerItemProxy section */
		BA623F352E60C3960097FF8A /* PBXContainerItemProxy */ = {
			isa = PBXContainerItemProxy;
			containerPortal = BA623F1F2E60C3940097FF8A /* Project object */;
			proxyType = 1;
			remoteGlobalIDString = BA623F262E60C3940097FF8A;
			remoteInfo = CS4GymApp;
		};
		BA623F3F2E60C3960097FF8A /* PBXContainerItemProxy */ = {
			isa = PBXContainerItemProxy;
			containerPortal = BA623F1F2E60C3940097FF8A /* Project object */;
			proxyType = 1;
			remoteGlobalIDString = BA623F262E60C3940097FF8A;
			remoteInfo = CS4GymApp;
		};
/* End PBXContainerItemProxy section */

/* Begin PBXFileReference section */
		BA623F272E60C3940097FF8A /* CS4GymApp.app */ = {isa = PBXFileReference; explicitFileType = wrapper.application; includeInIndex = 0; path = CS4GymApp.app; sourceTree = BUILT_PRODUCTS_DIR; };
		BA623F342E60C3960097FF8A /* CS4GymAppTests.xctest */ = {isa = PBXFileReference; explicitFileType = wrapper.cfbundle; includeInIndex = 0; path = CS4GymAppTests.xctest; sourceTree = BUILT_PRODUCTS_DIR; };
		BA623F3E2E60C3960097FF8A /* CS4GymAppUITests.xctest */ = {isa = PBXFileReference; explicitFileType = wrapper.cfbundle; includeInIndex = 0; path = CS4GymAppUITests.xctest; sourceTree = BUILT_PRODUCTS_DIR; };
/* End PBXFileReference section */

/* Begin PBXFileSystemSynchronizedRootGroup section */
		BA623F292E60C3940097FF8A /* CS4GymApp */ = {
			isa = PBXFileSystemSynchronizedRootGroup;
			path = CS4GymApp;
			sourceTree = "<group>";
		};
		BA623F372E60C3960097FF8A /* CS4GymAppTests */ = {
			isa = PBXFileSystemSynchronizedRootGroup;
			path = CS4GymAppTests;
			sourceTree = "<group>";
		};
		BA623F412E60C3960097FF8A /* CS4GymAppUITests */ = {
			isa = PBXFileSystemSynchronizedRootGroup;
			path = CS4GymAppUITests;
			sourceTree = "<group>";
		};
/* End PBXFileSystemSynchronizedRootGroup section */

/* Begin PBXFrameworksBuildPhase section */
		BA623F242E60C3940097FF8A /* Frameworks */ = {
			isa = PBXFrameworksBuildPhase;
			buildActionMask = 2147483647;
			files = (
			);
			runOnlyForDeploymentPostprocessing = 0;
		};
		BA623F312E60C3960097FF8A /* Frameworks */ = {
			isa = PBXFrameworksBuildPhase;
			buildActionMask = 2147483647;
			files = (
			);
			runOnlyForDeploymentPostprocessing = 0;
		};
		BA623F3B2E60C3960097FF8A /* Frameworks */ = {
			isa = PBXFrameworksBuildPhase;
			buildActionMask = 2147483647;
			files = (
			);
			runOnlyForDeploymentPostprocessing = 0;
		};
/* End PBXFrameworksBuildPhase section */

/* Begin PBXGroup section */
		BA623F1E2E60C3940097FF8A = {
			isa = PBXGroup;
			children = (
				BA623F292E60C3940097FF8A /* CS4GymApp */,
				BA623F372E60C3960097FF8A /* CS4GymAppTests */,
				BA623F412E60C3960097FF8A /* CS4GymAppUITests */,
				BA623F282E60C3940097FF8A /* Products */,
			);
			sourceTree = "<group>";
		};
		BA623F282E60C3940097FF8A /* Products */ = {
			isa = PBXGroup;
			children = (
				BA623F272E60C3940097FF8A /* CS4GymApp.app */,
				BA623F342E60C3960097FF8A /* CS4GymAppTests.xctest */,
				BA623F3E2E60C3960097FF8A /* CS4GymAppUITests.xctest */,
			);
			name = Products;
			sourceTree = "<group>";
		};
/* End PBXGroup section */

/* Begin PBXNativeTarget section */
		BA623F262E60C3940097FF8A /* CS4GymApp */ = {
			isa = PBXNativeTarget;
			buildConfigurationList = BA623F482E60C3960097FF8A /* Build configuration list for PBXNativeTarget "CS4GymApp" */;
			buildPhases = (
				BA623F232E60C3940097FF8A /* Sources */,
				BA623F242E60C3940097FF8A /* Frameworks */,
				BA623F252E60C3940097FF8A /* Resources */,
			);
			buildRules = (
			);
			dependencies = (
			);
			fileSystemSynchronizedGroups = (
				BA623F292E60C3940097FF8A /* CS4GymApp */,
			);
			name = CS4GymApp;
			packageProductDependencies = (
			);
			productName = CS4GymApp;
			productReference = BA623F272E60C3940097FF8A /* CS4GymApp.app */;
			productType = "com.apple.product-type.application";
		};
		BA623F332E60C3960097FF8A /* CS4GymAppTests */ = {
			isa = PBXNativeTarget;
			buildConfigurationList = BA623F4B2E60C3960097FF8A /* Build configuration list for PBXNativeTarget "CS4GymAppTests" */;
			buildPhases = (
				BA623F302E60C3960097FF8A /* Sources */,
				BA623F312E60C3960097FF8A /* Frameworks */,
				BA623F322E60C3960097FF8A /* Resources */,
			);
			buildRules = (
			);
			dependencies = (
				BA623F362E60C3960097FF8A /* PBXTargetDependency */,
			);
			fileSystemSynchronizedGroups = (
				BA623F372E60C3960097FF8A /* CS4GymAppTests */,
			);
			name = CS4GymAppTests;
			packageProductDependencies = (
			);
			productName = CS4GymAppTests;
			productReference = BA623F342E60C3960097FF8A /* CS4GymAppTests.xctest */;
			productType = "com.apple.product-type.bundle.unit-test";
		};
		BA623F3D2E60C3960097FF8A /* CS4GymAppUITests */ = {
			isa = PBXNativeTarget;
			buildConfigurationList = BA623F4E2E60C3960097FF8A /* Build configuration list for PBXNativeTarget "CS4GymAppUITests" */;
			buildPhases = (
				BA623F3A2E60C3960097FF8A /* Sources */,
				BA623F3B2E60C3960097FF8A /* Frameworks */,
				BA623F3C2E60C3960097FF8A /* Resources */,
			);
			buildRules = (
			);
			dependencies = (
				BA623F402E60C3960097FF8A /* PBXTargetDependency */,
			);
			fileSystemSynchronizedGroups = (
				BA623F412E60C3960097FF8A /* CS4GymAppUITests */,
			);
			name = CS4GymAppUITests;
			packageProductDependencies = (
			);
			productName = CS4GymAppUITests;
			productReference = BA623F3E2E60C3960097FF8A /* CS4GymAppUITests.xctest */;
			productType = "com.apple.product-type.bundle.ui-testing";
		};
/* End PBXNativeTarget section */

/* Begin PBXProject section */
		BA623F1F2E60C3940097FF8A /* Project object */ = {
			isa = PBXProject;
			attributes = {
				BuildIndependentTargetsInParallel = 1;
				LastSwiftUpdateCheck = 1640;
				LastUpgradeCheck = 1640;
				TargetAttributes = {
					BA623F262E60C3940097FF8A = {
						CreatedOnToolsVersion = 16.4;
					};
					BA623F332E60C3960097FF8A = {
						CreatedOnToolsVersion = 16.4;
						TestTargetID = BA623F262E60C3940097FF8A;
					};
					BA623F3D2E60C3960097FF8A = {
						CreatedOnToolsVersion = 16.4;
						TestTargetID = BA623F262E60C3940097FF8A;
					};
				};
			};
			buildConfigurationList = BA623F222E60C3940097FF8A /* Build configuration list for PBXProject "CS4GymApp" */;
			developmentRegion = en;
			hasScannedForEncodings = 0;
			knownRegions = (
				en,
				Base,
			);
			mainGroup = BA623F1E2E60C3940097FF8A;
			minimizedProjectReferenceProxies = 1;
			preferredProjectObjectVersion = 77;
			productRefGroup = BA623F282E60C3940097FF8A /* Products */;
			projectDirPath = "";
			projectRoot = "";
			targets = (
				BA623F262E60C3940097FF8A /* CS4GymApp */,
				BA623F332E60C3960097FF8A /* CS4GymAppTests */,
				BA623F3D2E60C3960097FF8A /* CS4GymAppUITests */,
			);
		};
/* End PBXProject section */

/* Begin PBXResourcesBuildPhase section */
		BA623F252E60C3940097FF8A /* Resources */ = {
			isa = PBXResourcesBuildPhase;
			buildActionMask = 2147483647;
			files = (
			);
			runOnlyForDeploymentPostprocessing = 0;
		};
		BA623F322E60C3960097FF8A /* Resources */ = {
			isa = PBXResourcesBuildPhase;
			buildActionMask = 2147483647;
			files = (
			);
			runOnlyForDeploymentPostprocessing = 0;
		};
		BA623F3C2E60C3960097FF8A /* Resources */ = {
			isa = PBXResourcesBuildPhase;
			buildActionMask = 2147483647;
			files = (
			);
			runOnlyForDeploymentPostprocessing = 0;
		};
/* End PBXResourcesBuildPhase section */

/* Begin PBXSourcesBuildPhase section */
		BA623F232E60C3940097FF8A /* Sources */ = {
			isa = PBXSourcesBuildPhase;
			buildActionMask = 2147483647;
			files = (
			);
			runOnlyForDeploymentPostprocessing = 0;
		};
		BA623F302E60C3960097FF8A /* Sources */ = {
			isa = PBXSourcesBuildPhase;
			buildActionMask = 2147483647;
			files = (
			);
			runOnlyForDeploymentPostprocessing = 0;
		};
		BA623F3A2E60C3960097FF8A /* Sources */ = {
			isa = PBXSourcesBuildPhase;
			buildActionMask = 2147483647;
			files = (
			);
			runOnlyForDeploymentPostprocessing = 0;
		};
/* End PBXSourcesBuildPhase section */

/* Begin PBXTargetDependency section */
		BA623F362E60C3960097FF8A /* PBXTargetDependency */ = {
			isa = PBXTargetDependency;
			target = BA623F262E60C3940097FF8A /* CS4GymApp */;
			targetProxy = BA623F352E60C3960097FF8A /* PBXContainerItemProxy */;
		};
		BA623F402E60C3960097FF8A /* PBXTargetDependency */ = {
			isa = PBXTargetDependency;
			target = BA623F262E60C3940097FF8A /* CS4GymApp */;
			targetProxy = BA623F3F2E60C3960097FF8A /* PBXContainerItemProxy */;
		};
/* End PBXTargetDependency section */

/* Begin XCBuildConfiguration section */
		BA623F462E60C3960097FF8A /* Debug */ = {
			isa = XCBuildConfiguration;
			buildSettings = {
				ALWAYS_SEARCH_USER_PATHS = NO;
				ASSETCATALOG_COMPILER_GENERATE_SWIFT_ASSET_SYMBOL_EXTENSIONS = YES;
				CLANG_ANALYZER_NONNULL = YES;
				CLANG_ANALYZER_NUMBER_OBJECT_CONVERSION = YES_AGGRESSIVE;
				CLANG_CXX_LANGUAGE_STANDARD = "gnu++20";
				CLANG_ENABLE_MODULES = YES;
				CLANG_ENABLE_OBJC_ARC = YES;
				CLANG_ENABLE_OBJC_WEAK = YES;
				CLANG_WARN_BLOCK_CAPTURE_AUTORELEASING = YES;
				CLANG_WARN_BOOL_CONVERSION = YES;
				CLANG_WARN_COMMA = YES;
				CLANG_WARN_CONSTANT_CONVERSION = YES;
				CLANG_WARN_DEPRECATED_OBJC_IMPLEMENTATIONS = YES;
				CLANG_WARN_DIRECT_OBJC_ISA_USAGE = YES_ERROR;
				CLANG_WARN_DOCUMENTATION_COMMENTS = YES;
				CLANG_WARN_EMPTY_BODY = YES;
				CLANG_WARN_ENUM_CONVERSION = YES;
				CLANG_WARN_INFINITE_RECURSION = YES;
				CLANG_WARN_INT_CONVERSION = YES;
				CLANG_WARN_NON_LITERAL_NULL_CONVERSION = YES;
				CLANG_WARN_OBJC_IMPLICIT_RETAIN_SELF = YES;
				CLANG_WARN_OBJC_LITERAL_CONVERSION = YES;
				CLANG_WARN_OBJC_ROOT_CLASS = YES_ERROR;
				CLANG_WARN_QUOTED_INCLUDE_IN_FRAMEWORK_HEADER = YES;
				CLANG_WARN_RANGE_LOOP_ANALYSIS = YES;
				CLANG_WARN_STRICT_PROTOTYPES = YES;
				CLANG_WARN_SUSPICIOUS_MOVE = YES;
				CLANG_WARN_UNGUARDED_AVAILABILITY = YES_AGGRESSIVE;
				CLANG_WARN_UNREACHABLE_CODE = YES;
				CLANG_WARN__DUPLICATE_METHOD_MATCH = YES;
				COPY_PHASE_STRIP = NO;
				DEBUG_INFORMATION_FORMAT = dwarf;
				ENABLE_STRICT_OBJC_MSGSEND = YES;
				ENABLE_TESTABILITY = YES;
				ENABLE_USER_SCRIPT_SANDBOXING = YES;
				GCC_C_LANGUAGE_STANDARD = gnu17;
				GCC_DYNAMIC_NO_PIC = NO;
				GCC_NO_COMMON_BLOCKS = YES;
				GCC_OPTIMIZATION_LEVEL = 0;
				GCC_PREPROCESSOR_DEFINITIONS = (
					"DEBUG=1",
					"$(inherited)",
				);
				GCC_WARN_64_TO_32_BIT_CONVERSION = YES;
				GCC_WARN_ABOUT_RETURN_TYPE = YES_ERROR;
				GCC_WARN_UNDECLARED_SELECTOR = YES;
				GCC_WARN_UNINITIALIZED_AUTOS = YES_AGGRESSIVE;
				GCC_WARN_UNUSED_FUNCTION = YES;
				GCC_WARN_UNUSED_VARIABLE = YES;
				IPHONEOS_DEPLOYMENT_TARGET = 18.5;
				LOCALIZATION_PREFERS_STRING_CATALOGS = YES;
				MTL_ENABLE_DEBUG_INFO = INCLUDE_SOURCE;
				MTL_FAST_MATH = YES;
				ONLY_ACTIVE_ARCH = YES;
				SDKROOT = iphoneos;
				SWIFT_ACTIVE_COMPILATION_CONDITIONS = "DEBUG $(inherited)";
				SWIFT_OPTIMIZATION_LEVEL = "-Onone";
			};
			name = Debug;
		};
		BA623F472E60C3960097FF8A /* Release */ = {
			isa = XCBuildConfiguration;
			buildSettings = {
				ALWAYS_SEARCH_USER_PATHS = NO;
				ASSETCATALOG_COMPILER_GENERATE_SWIFT_ASSET_SYMBOL_EXTENSIONS = YES;
				CLANG_ANALYZER_NONNULL = YES;
				CLANG_ANALYZER_NUMBER_OBJECT_CONVERSION = YES_AGGRESSIVE;
				CLANG_CXX_LANGUAGE_STANDARD = "gnu++20";
				CLANG_ENABLE_MODULES = YES;
				CLANG_ENABLE_OBJC_ARC = YES;
				CLANG_ENABLE_OBJC_WEAK = YES;
				CLANG_WARN_BLOCK_CAPTURE_AUTORELEASING = YES;
				CLANG_WARN_BOOL_CONVERSION = YES;
				CLANG_WARN_COMMA = YES;
				CLANG_WARN_CONSTANT_CONVERSION = YES;
				CLANG_WARN_DEPRECATED_OBJC_IMPLEMENTATIONS = YES;
				CLANG_WARN_DIRECT_OBJC_ISA_USAGE = YES_ERROR;
				CLANG_WARN_DOCUMENTATION_COMMENTS = YES;
				CLANG_WARN_EMPTY_BODY = YES;
				CLANG_WARN_ENUM_CONVERSION = YES;
				CLANG_WARN_INFINITE_RECURSION = YES;
				CLANG_WARN_INT_CONVERSION = YES;
				CLANG_WARN_NON_LITERAL_NULL_CONVERSION = YES;
				CLANG_WARN_OBJC_IMPLICIT_RETAIN_SELF = YES;
				CLANG_WARN_OBJC_LITERAL_CONVERSION = YES;
				CLANG_WARN_OBJC_ROOT_CLASS = YES_ERROR;
				CLANG_WARN_QUOTED_INCLUDE_IN_FRAMEWORK_HEADER = YES;
				CLANG_WARN_RANGE_LOOP_ANALYSIS = YES;
				CLANG_WARN_STRICT_PROTOTYPES = YES;
				CLANG_WARN_SUSPICIOUS_MOVE = YES;
				CLANG_WARN_UNGUARDED_AVAILABILITY = YES_AGGRESSIVE;
				CLANG_WARN_UNREACHABLE_CODE = YES;
				CLANG_WARN__DUPLICATE_METHOD_MATCH = YES;
				COPY_PHASE_STRIP = NO;
				DEBUG_INFORMATION_FORMAT = "dwarf-with-dsym";
				ENABLE_NS_ASSERTIONS = NO;
				ENABLE_STRICT_OBJC_MSGSEND = YES;
				ENABLE_USER_SCRIPT_SANDBOXING = YES;
				GCC_C_LANGUAGE_STANDARD = gnu17;
				GCC_NO_COMMON_BLOCKS = YES;
				GCC_WARN_64_TO_32_BIT_CONVERSION = YES;
				GCC_WARN_ABOUT_RETURN_TYPE = YES_ERROR;
				GCC_WARN_UNDECLARED_SELECTOR = YES;
				GCC_WARN_UNINITIALIZED_AUTOS = YES_AGGRESSIVE;
				GCC_WARN_UNUSED_FUNCTION = YES;
				GCC_WARN_UNUSED_VARIABLE = YES;
				IPHONEOS_DEPLOYMENT_TARGET = 18.5;
				LOCALIZATION_PREFERS_STRING_CATALOGS = YES;
				MTL_ENABLE_DEBUG_INFO = NO;
				MTL_FAST_MATH = YES;
				SDKROOT = iphoneos;
				SWIFT_COMPILATION_MODE = wholemodule;
				VALIDATE_PRODUCT = YES;
			};
			name = Release;
		};
		BA623F492E60C3960097FF8A /* Debug */ = {
			isa = XCBuildConfiguration;
			buildSettings = {
				ASSETCATALOG_COMPILER_APPICON_NAME = AppIcon;
				ASSETCATALOG_COMPILER_GLOBAL_ACCENT_COLOR_NAME = AccentColor;
				CODE_SIGN_STYLE = Automatic;
				CURRENT_PROJECT_VERSION = 1;
				ENABLE_PREVIEWS = YES;
				GENERATE_INFOPLIST_FILE = YES;
				INFOPLIST_KEY_UIApplicationSceneManifest_Generation = YES;
				INFOPLIST_KEY_UIApplicationSupportsIndirectInputEvents = YES;
				INFOPLIST_KEY_UILaunchScreen_Generation = YES;
				INFOPLIST_KEY_UISupportedInterfaceOrientations_iPad = "UIInterfaceOrientationPortrait UIInterfaceOrientationPortraitUpsideDown UIInterfaceOrientationLandscapeLeft UIInterfaceOrientationLandscapeRight";
				INFOPLIST_KEY_UISupportedInterfaceOrientations_iPhone = "UIInterfaceOrientationPortrait UIInterfaceOrientationLandscapeLeft UIInterfaceOrientationLandscapeRight";
				LD_RUNPATH_SEARCH_PATHS = (
					"$(inherited)",
					"@executable_path/Frameworks",
				);
				MARKETING_VERSION = 1.0;
				PRODUCT_BUNDLE_IDENTIFIER = MinhFit.CS4GymApp;
				PRODUCT_NAME = "$(TARGET_NAME)";
				SWIFT_EMIT_LOC_STRINGS = YES;
				SWIFT_VERSION = 5.0;
				TARGETED_DEVICE_FAMILY = "1,2";
			};
			name = Debug;
		};
		BA623F4A2E60C3960097FF8A /* Release */ = {
			isa = XCBuildConfiguration;
			buildSettings = {
				ASSETCATALOG_COMPILER_APPICON_NAME = AppIcon;
				ASSETCATALOG_COMPILER_GLOBAL_ACCENT_COLOR_NAME = AccentColor;
				CODE_SIGN_STYLE = Automatic;
				CURRENT_PROJECT_VERSION = 1;
				ENABLE_PREVIEWS = YES;
				GENERATE_INFOPLIST_FILE = YES;
				INFOPLIST_KEY_UIApplicationSceneManifest_Generation = YES;
				INFOPLIST_KEY_UIApplicationSupportsIndirectInputEvents = YES;
				INFOPLIST_KEY_UILaunchScreen_Generation = YES;
				INFOPLIST_KEY_UISupportedInterfaceOrientations_iPad = "UIInterfaceOrientationPortrait UIInterfaceOrientationPortraitUpsideDown UIInterfaceOrientationLandscapeLeft UIInterfaceOrientationLandscapeRight";
				INFOPLIST_KEY_UISupportedInterfaceOrientations_iPhone = "UIInterfaceOrientationPortrait UIInterfaceOrientationLandscapeLeft UIInterfaceOrientationLandscapeRight";
				LD_RUNPATH_SEARCH_PATHS = (
					"$(inherited)",
					"@executable_path/Frameworks",
				);
				MARKETING_VERSION = 1.0;
				PRODUCT_BUNDLE_IDENTIFIER = MinhFit.CS4GymApp;
				PRODUCT_NAME = "$(TARGET_NAME)";
				SWIFT_EMIT_LOC_STRINGS = YES;
				SWIFT_VERSION = 5.0;
				TARGETED_DEVICE_FAMILY = "1,2";
			};
			name = Release;
		};
		BA623F4C2E60C3960097FF8A /* Debug */ = {
			isa = XCBuildConfiguration;
			buildSettings = {
				BUNDLE_LOADER = "$(TEST_HOST)";
				CODE_SIGN_STYLE = Automatic;
				CURRENT_PROJECT_VERSION = 1;
				GENERATE_INFOPLIST_FILE = YES;
				IPHONEOS_DEPLOYMENT_TARGET = 18.5;
				MARKETING_VERSION = 1.0;
				PRODUCT_BUNDLE_IDENTIFIER = MinhFit.CS4GymAppTests;
				PRODUCT_NAME = "$(TARGET_NAME)";
				SWIFT_EMIT_LOC_STRINGS = NO;
				SWIFT_VERSION = 5.0;
				TARGETED_DEVICE_FAMILY = "1,2";
				TEST_HOST = "$(BUILT_PRODUCTS_DIR)/CS4GymApp.app/$(BUNDLE_EXECUTABLE_FOLDER_PATH)/CS4GymApp";
			};
			name = Debug;
		};
		BA623F4D2E60C3960097FF8A /* Release */ = {
			isa = XCBuildConfiguration;
			buildSettings = {
				BUNDLE_LOADER = "$(TEST_HOST)";
				CODE_SIGN_STYLE = Automatic;
				CURRENT_PROJECT_VERSION = 1;
				GENERATE_INFOPLIST_FILE = YES;
				IPHONEOS_DEPLOYMENT_TARGET = 18.5;
				MARKETING_VERSION = 1.0;
				PRODUCT_BUNDLE_IDENTIFIER = MinhFit.CS4GymAppTests;
				PRODUCT_NAME = "$(TARGET_NAME)";
				SWIFT_EMIT_LOC_STRINGS = NO;
				SWIFT_VERSION = 5.0;
				TARGETED_DEVICE_FAMILY = "1,2";
				TEST_HOST = "$(BUILT_PRODUCTS_DIR)/CS4GymApp.app/$(BUNDLE_EXECUTABLE_FOLDER_PATH)/CS4GymApp";
			};
			name = Release;
		};
		BA623F4F2E60C3960097FF8A /* Debug */ = {
			isa = XCBuildConfiguration;
			buildSettings = {
				CODE_SIGN_STYLE = Automatic;
				CURRENT_PROJECT_VERSION = 1;
				GENERATE_INFOPLIST_FILE = YES;
				MARKETING_VERSION = 1.0;
				PRODUCT_BUNDLE_IDENTIFIER = MinhFit.CS4GymAppUITests;
				PRODUCT_NAME = "$(TARGET_NAME)";
				SWIFT_EMIT_LOC_STRINGS = NO;
				SWIFT_VERSION = 5.0;
				TARGETED_DEVICE_FAMILY = "1,2";
				TEST_TARGET_NAME = CS4GymApp;
			};
			name = Debug;
		};
		BA623F502E60C3960097FF8A /* Release */ = {
			isa = XCBuildConfiguration;
			buildSettings = {
				CODE_SIGN_STYLE = Automatic;
				CURRENT_PROJECT_VERSION = 1;
				GENERATE_INFOPLIST_FILE = YES;
				MARKETING_VERSION = 1.0;
				PRODUCT_BUNDLE_IDENTIFIER = MinhFit.CS4GymAppUITests;
				PRODUCT_NAME = "$(TARGET_NAME)";
				SWIFT_EMIT_LOC_STRINGS = NO;
				SWIFT_VERSION = 5.0;
				TARGETED_DEVICE_FAMILY = "1,2";
				TEST_TARGET_NAME = CS4GymApp;
			};
			name = Release;
		};
/* End XCBuildConfiguration section */

/* Begin XCConfigurationList section */
		BA623F222E60C3940097FF8A /* Build configuration list for PBXProject "CS4GymApp" */ = {
			isa = XCConfigurationList;
			buildConfigurations = (
				BA623F462E60C3960097FF8A /* Debug */,
				BA623F472E60C3960097FF8A /* Release */,
			);
			defaultConfigurationIsVisible = 0;
			defaultConfigurationName = Release;
		};
		BA623F482E60C3960097FF8A /* Build configuration list for PBXNativeTarget "CS4GymApp" */ = {
			isa = XCConfigurationList;
			buildConfigurations = (
				BA623F492E60C3960097FF8A /* Debug */,
				BA623F4A2E60C3960097FF8A /* Release */,
			);
			defaultConfigurationIsVisible = 0;
			defaultConfigurationName = Release;
		};
		BA623F4B2E60C3960097FF8A /* Build configuration list for PBXNativeTarget "CS4GymAppTests" */ = {
			isa = XCConfigurationList;
			buildConfigurations = (
				BA623F4C2E60C3960097FF8A /* Debug */,
				BA623F4D2E60C3960097FF8A /* Release */,
			);
			defaultConfigurationIsVisible = 0;
			defaultConfigurationName = Release;
		};
		BA623F4E2E60C3960097FF8A /* Build configuration list for PBXNativeTarget "CS4GymAppUITests" */ = {
			isa = XCConfigurationList;
			buildConfigurations = (
				BA623F4F2E60C3960097FF8A /* Debug */,
				BA623F502E60C3960097FF8A /* Release */,
			);
			defaultConfigurationIsVisible = 0;
			defaultConfigurationName = Release;
		};
/* End XCConfigurationList section */
	};
	rootObject = BA623F1F2E60C3940097FF8A /* Project object */;
}
